<?xml version="1.0" encoding="UTF-8" standalone="yes" ?>
<CodeBlocks_project_file>
	<FileVersion major="1" minor="6" />
	<Project>
		<Option title="uebXX" />
		<Option pch_mode="2" />
		<Option compiler="gcc" />
		<Build>
			<Target title="Debug">
				<Option output="IN2/bin/Debug/uebXX" prefix_auto="1" extension_auto="1" />
				<Option object_output="IN2/obj/Debug/" />
				<Option type="1" />
				<Option compiler="gcc" />
				<Compiler>
					<Add option="-g" />
					<Add directory="IN2/header" />
				</Compiler>
			</Target>
			<Target title="Release">
				<Option output="bin/Release/uebXX" prefix_auto="1" extension_auto="1" />
				<Option object_output="obj/Release/" />
				<Option type="1" />
				<Option compiler="gcc" />
				<Compiler>
					<Add option="-O2" />
				</Compiler>
				<Linker>
					<Add option="-s" />
				</Linker>
			</Target>
		</Build>
		<Compiler>
			<Add option="-Wall" />
		</Compiler>
		<Unit filename="IN2/header/database.h" />
		<Unit filename="IN2/header/datastructure.h" />
		<Unit filename="IN2/header/datetime.h" />
		<Unit filename="IN2/header/menu.h" />
		<Unit filename="IN2/header/teams.h" />
		<Unit filename="IN2/header/tools.h" />
		<Unit filename="IN2/source/database.c">
			<Option compilerVar="CC" />
		</Unit>
		<Unit filename="IN2/source/datetime.c">
			<Option compilerVar="CC" />
		</Unit>
		<Unit filename="IN2/source/menu.c">
			<Option compilerVar="CC" />
		</Unit>
		<Unit filename="IN2/source/teams.c">
			<Option compilerVar="CC" />
		</Unit>
		<Unit filename="IN2/source/tools.c">
			<Option compilerVar="CC" />
		</Unit>
		<Unit filename="main.c">
			<Option compilerVar="CC" />
		</Unit>
		<Extensions>
			<code_completion />
			<envvars />
			<lib_finder disable_auto="1" />
			<debugger />
		</Extensions>
	</Project>
</CodeBlocks_project_file>
